
Microsoft Visual Studio Solution File, Format Version 12.00
# Visual Studio 15
VisualStudioVersion = 15.0.28307.136
MinimumVisualStudioVersion = 10.0.40219.1
Project("{FAE04EC0-301F-11D3-BF4B-00C04F79EFBC}") = "Sandbox", "Sandbox\Sandbox.csproj", "{12213338-B7BA-49D6-837B-071910E0A769}"
EndProject
Project("{FAE04EC0-301F-11D3-BF4B-00C04F79EFBC}") = "AdminSite", "AdminSite\AdminSite.csproj", "{58377DD8-9F26-48FE-B7F2-D243F9300D98}"
EndProject
Project("{FAE04EC0-301F-11D3-BF4B-00C04F79EFBC}") = "WarehouseApp", "WarehouseApp\WarehouseApp.csproj", "{74C0AE86-43AE-4293-A66E-B475828E462A}"
EndProject
Project("{FAE04EC0-301F-11D3-BF4B-00C04F79EFBC}") = "CustomerSite", "CustomerSite\CustomerSite.csproj", "{9010670F-BE93-430D-B8F5-66167DFBF45C}"
EndProject
Project("{2150E333-8FDC-42A3-9474-1A3956D46DE8}") = "ClientApplications", "ClientApplications", "{BD6FDECC-F54B-438D-A106-959B19A675F1}"
EndProject
Project("{FAE04EC0-301F-11D3-BF4B-00C04F79EFBC}") = "ManagementApp", "ManagementApp\ManagementApp.csproj", "{173CAED5-9946-4861-8C96-0CAC61AC8A56}"
EndProject
Global
	GlobalSection(SolutionConfigurationPlatforms) = preSolution
		Debug|Any CPU = Debug|Any CPU
		Release|Any CPU = Release|Any CPU
	EndGlobalSection
	GlobalSection(ProjectConfigurationPlatforms) = postSolution
		{12213338-B7BA-49D6-837B-071910E0A769}.Debug|Any CPU.ActiveCfg = Debug|Any CPU
		{12213338-B7BA-49D6-837B-071910E0A769}.Debug|Any CPU.Build.0 = Debug|Any CPU
		{12213338-B7BA-49D6-837B-071910E0A769}.Release|Any CPU.ActiveCfg = Release|Any CPU
		{12213338-B7BA-49D6-837B-071910E0A769}.Release|Any CPU.Build.0 = Release|Any CPU
		{58377DD8-9F26-48FE-B7F2-D243F9300D98}.Debug|Any CPU.ActiveCfg = Debug|Any CPU
		{58377DD8-9F26-48FE-B7F2-D243F9300D98}.Debug|Any CPU.Build.0 = Debug|Any CPU
		{58377DD8-9F26-48FE-B7F2-D243F9300D98}.Release|Any CPU.ActiveCfg = Release|Any CPU
		{58377DD8-9F26-48FE-B7F2-D243F9300D98}.Release|Any CPU.Build.0 = Release|Any CPU
		{74C0AE86-43AE-4293-A66E-B475828E462A}.Debug|Any CPU.ActiveCfg = Debug|Any CPU
		{74C0AE86-43AE-4293-A66E-B475828E462A}.Debug|Any CPU.Build.0 = Debug|Any CPU
		{74C0AE86-43AE-4293-A66E-B475828E462A}.Release|Any CPU.ActiveCfg = Release|Any CPU
		{74C0AE86-43AE-4293-A66E-B475828E462A}.Release|Any CPU.Build.0 = Release|Any CPU
		{9010670F-BE93-430D-B8F5-66167DFBF45C}.Debug|Any CPU.ActiveCfg = Debug|Any CPU
		{9010670F-BE93-430D-B8F5-66167DFBF45C}.Debug|Any CPU.Build.0 = Debug|Any CPU
		{9010670F-BE93-430D-B8F5-66167DFBF45C}.Release|Any CPU.ActiveCfg = Release|Any CPU
		{9010670F-BE93-430D-B8F5-66167DFBF45C}.Release|Any CPU.Build.0 = Release|Any CPU
		{173CAED5-9946-4861-8C96-0CAC61AC8A56}.Debug|Any CPU.ActiveCfg = Debug|Any CPU
		{173CAED5-9946-4861-8C96-0CAC61AC8A56}.Debug|Any CPU.Build.0 = Debug|Any CPU
		{173CAED5-9946-4861-8C96-0CAC61AC8A56}.Release|Any CPU.ActiveCfg = Release|Any CPU
		{173CAED5-9946-4861-8C96-0CAC61AC8A56}.Release|Any CPU.Build.0 = Release|Any CPU
	EndGlobalSection
	GlobalSection(SolutionProperties) = preSolution
		HideSolutionNode = FALSE
	EndGlobalSection
	GlobalSection(NestedProjects) = preSolution
		{74C0AE86-43AE-4293-A66E-B475828E462A} = {BD6FDECC-F54B-438D-A106-959B19A675F1}
		{173CAED5-9946-4861-8C96-0CAC61AC8A56} = {BD6FDECC-F54B-438D-A106-959B19A675F1}
	EndGlobalSection
	GlobalSection(ExtensibilityGlobals) = postSolution
		SolutionGuid = {9EB23549-9DA0-49F9-A894-61E83279A319}
	EndGlobalSection
EndGlobal
