
Microsoft Visual Studio Solution File, Format Version 12.00
# Visual Studio 15
VisualStudioVersion = 15.0.28307.136
MinimumVisualStudioVersion = 10.0.40219.1
Project("{FAE04EC0-301F-11D3-BF4B-00C04F79EFBC}") = "Sandbox", "Sandbox\Sandbox.csproj", "{12213338-B7BA-49D6-837B-071910E0A769}"
EndProject
Project("{FAE04EC0-301F-11D3-BF4B-00C04F79EFBC}") = "AdminSite", "AdminSite\AdminSite.csproj", "{58377DD8-9F26-48FE-B7F2-D243F9300D98}"
EndProject
Project("{FAE04EC0-301F-11D3-BF4B-00C04F79EFBC}") = "WarehouseApp", "WarehouseApp\WarehouseApp.csproj", "{74C0AE86-43AE-4293-A66E-B475828E462A}"
EndProject
Project("{E24C65DC-7377-472B-9ABA-BC803B73C61A}") = "CustomerSite", "CustomerSite\", "{7EF5AD38-5DAD-4527-8068-EA52797ABD46}"
	ProjectSection(WebsiteProperties) = preProject
		TargetFrameworkMoniker = ".NETFramework,Version%3Dv4.6.1"
		ProjectReferences = ""
		Debug.AspNetCompiler.VirtualPath = "/localhost_25378"
		Debug.AspNetCompiler.PhysicalPath = "CustomerSite\"
		Debug.AspNetCompiler.TargetPath = "PrecompiledWeb\localhost_25378\"
		Debug.AspNetCompiler.Updateable = "true"
		Debug.AspNetCompiler.ForceOverwrite = "true"
		Debug.AspNetCompiler.FixedNames = "false"
		Debug.AspNetCompiler.Debug = "True"
		Release.AspNetCompiler.VirtualPath = "/localhost_25378"
		Release.AspNetCompiler.PhysicalPath = "CustomerSite\"
		Release.AspNetCompiler.TargetPath = "PrecompiledWeb\localhost_25378\"
		Release.AspNetCompiler.Updateable = "true"
		Release.AspNetCompiler.ForceOverwrite = "true"
		Release.AspNetCompiler.FixedNames = "false"
		Release.AspNetCompiler.Debug = "False"
		VWDPort = "25378"
		SlnRelativePath = "CustomerSite\"
		DefaultWebSiteLanguage = "Visual C#"
	EndProjectSection
EndProject
Global
	GlobalSection(SolutionConfigurationPlatforms) = preSolution
		Debug|Any CPU = Debug|Any CPU
		Release|Any CPU = Release|Any CPU
	EndGlobalSection
	GlobalSection(ProjectConfigurationPlatforms) = postSolution
		{12213338-B7BA-49D6-837B-071910E0A769}.Debug|Any CPU.ActiveCfg = Debug|Any CPU
		{12213338-B7BA-49D6-837B-071910E0A769}.Debug|Any CPU.Build.0 = Debug|Any CPU
		{12213338-B7BA-49D6-837B-071910E0A769}.Release|Any CPU.ActiveCfg = Release|Any CPU
		{12213338-B7BA-49D6-837B-071910E0A769}.Release|Any CPU.Build.0 = Release|Any CPU
		{58377DD8-9F26-48FE-B7F2-D243F9300D98}.Debug|Any CPU.ActiveCfg = Debug|Any CPU
		{58377DD8-9F26-48FE-B7F2-D243F9300D98}.Debug|Any CPU.Build.0 = Debug|Any CPU
		{58377DD8-9F26-48FE-B7F2-D243F9300D98}.Release|Any CPU.ActiveCfg = Release|Any CPU
		{58377DD8-9F26-48FE-B7F2-D243F9300D98}.Release|Any CPU.Build.0 = Release|Any CPU
		{74C0AE86-43AE-4293-A66E-B475828E462A}.Debug|Any CPU.ActiveCfg = Debug|Any CPU
		{74C0AE86-43AE-4293-A66E-B475828E462A}.Debug|Any CPU.Build.0 = Debug|Any CPU
		{74C0AE86-43AE-4293-A66E-B475828E462A}.Release|Any CPU.ActiveCfg = Release|Any CPU
		{74C0AE86-43AE-4293-A66E-B475828E462A}.Release|Any CPU.Build.0 = Release|Any CPU
		{7EF5AD38-5DAD-4527-8068-EA52797ABD46}.Debug|Any CPU.ActiveCfg = Debug|Any CPU
		{7EF5AD38-5DAD-4527-8068-EA52797ABD46}.Debug|Any CPU.Build.0 = Debug|Any CPU
		{7EF5AD38-5DAD-4527-8068-EA52797ABD46}.Release|Any CPU.ActiveCfg = Debug|Any CPU
		{7EF5AD38-5DAD-4527-8068-EA52797ABD46}.Release|Any CPU.Build.0 = Debug|Any CPU
	EndGlobalSection
	GlobalSection(SolutionProperties) = preSolution
		HideSolutionNode = FALSE
	EndGlobalSection
	GlobalSection(ExtensibilityGlobals) = postSolution
		SolutionGuid = {9EB23549-9DA0-49F9-A894-61E83279A319}
	EndGlobalSection
EndGlobal
